
Microsoft Visual Studio Solution File, Format Version 12.00
# Visual Studio Version 16
VisualStudioVersion = 16.0.31911.196
MinimumVisualStudioVersion = 10.0.40219.1
Project("{9A19103F-16F7-4668-BE54-9A1E7A4F7556}") = "DataAccessLayers", "DataAccessLayers\DataAccessLayers.csproj", "{998CBD63-8049-404B-BCCB-46717B2C0790}"
EndProject
Project("{9A19103F-16F7-4668-BE54-9A1E7A4F7556}") = "Common", "Common\Common.csproj", "{81A7ADAF-3361-4E87-840D-5C46B552EDDA}"
EndProject
Project("{9A19103F-16F7-4668-BE54-9A1E7A4F7556}") = "ConsoleBioskop", "ConsoleBioskop\ConsoleBioskop.csproj", "{92B43835-85F1-42A5-9459-2515F92FEAC4}"
EndProject
Project("{9A19103F-16F7-4668-BE54-9A1E7A4F7556}") = "BusinessLayer", "BusinessLayer\BusinessLayer.csproj", "{27F6B1C6-7349-499A-AAEC-E82F393C89C9}"
EndProject
Project("{FAE04EC0-301F-11D3-BF4B-00C04F79EFBC}") = "DesktopAplikacija", "DesktopAplikacija\DesktopAplikacija.csproj", "{E3BBB1A8-338A-4EFF-B2E5-2015D9A7752F}"
EndProject
Global
	GlobalSection(SolutionConfigurationPlatforms) = preSolution
		Debug|Any CPU = Debug|Any CPU
		Release|Any CPU = Release|Any CPU
	EndGlobalSection
	GlobalSection(ProjectConfigurationPlatforms) = postSolution
		{998CBD63-8049-404B-BCCB-46717B2C0790}.Debug|Any CPU.ActiveCfg = Debug|Any CPU
		{998CBD63-8049-404B-BCCB-46717B2C0790}.Debug|Any CPU.Build.0 = Debug|Any CPU
		{998CBD63-8049-404B-BCCB-46717B2C0790}.Release|Any CPU.ActiveCfg = Release|Any CPU
		{998CBD63-8049-404B-BCCB-46717B2C0790}.Release|Any CPU.Build.0 = Release|Any CPU
		{81A7ADAF-3361-4E87-840D-5C46B552EDDA}.Debug|Any CPU.ActiveCfg = Debug|Any CPU
		{81A7ADAF-3361-4E87-840D-5C46B552EDDA}.Debug|Any CPU.Build.0 = Debug|Any CPU
		{81A7ADAF-3361-4E87-840D-5C46B552EDDA}.Release|Any CPU.ActiveCfg = Release|Any CPU
		{81A7ADAF-3361-4E87-840D-5C46B552EDDA}.Release|Any CPU.Build.0 = Release|Any CPU
		{92B43835-85F1-42A5-9459-2515F92FEAC4}.Debug|Any CPU.ActiveCfg = Debug|Any CPU
		{92B43835-85F1-42A5-9459-2515F92FEAC4}.Debug|Any CPU.Build.0 = Debug|Any CPU
		{92B43835-85F1-42A5-9459-2515F92FEAC4}.Release|Any CPU.ActiveCfg = Release|Any CPU
		{92B43835-85F1-42A5-9459-2515F92FEAC4}.Release|Any CPU.Build.0 = Release|Any CPU
		{27F6B1C6-7349-499A-AAEC-E82F393C89C9}.Debug|Any CPU.ActiveCfg = Debug|Any CPU
		{27F6B1C6-7349-499A-AAEC-E82F393C89C9}.Debug|Any CPU.Build.0 = Debug|Any CPU
		{27F6B1C6-7349-499A-AAEC-E82F393C89C9}.Release|Any CPU.ActiveCfg = Release|Any CPU
		{27F6B1C6-7349-499A-AAEC-E82F393C89C9}.Release|Any CPU.Build.0 = Release|Any CPU
		{E3BBB1A8-338A-4EFF-B2E5-2015D9A7752F}.Debug|Any CPU.ActiveCfg = Debug|Any CPU
		{E3BBB1A8-338A-4EFF-B2E5-2015D9A7752F}.Debug|Any CPU.Build.0 = Debug|Any CPU
		{E3BBB1A8-338A-4EFF-B2E5-2015D9A7752F}.Release|Any CPU.ActiveCfg = Release|Any CPU
		{E3BBB1A8-338A-4EFF-B2E5-2015D9A7752F}.Release|Any CPU.Build.0 = Release|Any CPU
	EndGlobalSection
	GlobalSection(SolutionProperties) = preSolution
		HideSolutionNode = FALSE
	EndGlobalSection
	GlobalSection(ExtensibilityGlobals) = postSolution
		SolutionGuid = {1699D911-A0FF-4AF4-9AA9-E69DC2B86B27}
	EndGlobalSection
EndGlobal
